
Microsoft Visual Studio Solution File, Format Version 12.00
# Visual Studio Version 17
VisualStudioVersion = 17.0.31903.59
MinimumVisualStudioVersion = 10.0.40219.1
Project("{FAE04EC0-301F-11D3-BF4B-00C04F79EFBC}") = "Espuchifai.Core", "Espuchifai.Core\Espuchifai.Core.csproj", "{5294A58C-09BD-4A73-AB8D-8C51B7D56984}"
EndProject
Project("{FAE04EC0-301F-11D3-BF4B-00C04F79EFBC}") = "Espuchifai.adoET12", "Espuchifai.adoET12\Espuchifai.adoET12.csproj", "{A5D9A30F-1354-4D3A-8552-71739A1BC1B1}"
EndProject
Project("{FAE04EC0-301F-11D3-BF4B-00C04F79EFBC}") = "Espuchifai.adoET12.Test", "Espuchifai.adoET12.Test\Espuchifai.adoET12.Test.csproj", "{9C57D5AB-215E-4833-B498-0DF3381C39B2}"
EndProject
Project("{FAE04EC0-301F-11D3-BF4B-00C04F79EFBC}") = "Espuchifai.Mvc", "Espuchifai.Mvc\Espuchifai.Mvc.csproj", "{0D0256C7-DF90-4CBB-9F72-2B221E0D8E11}"
EndProject
Global
	GlobalSection(SolutionConfigurationPlatforms) = preSolution
		Debug|Any CPU = Debug|Any CPU
		Release|Any CPU = Release|Any CPU
	EndGlobalSection
	GlobalSection(SolutionProperties) = preSolution
		HideSolutionNode = FALSE
	EndGlobalSection
	GlobalSection(ProjectConfigurationPlatforms) = postSolution
		{5294A58C-09BD-4A73-AB8D-8C51B7D56984}.Debug|Any CPU.ActiveCfg = Debug|Any CPU
		{5294A58C-09BD-4A73-AB8D-8C51B7D56984}.Debug|Any CPU.Build.0 = Debug|Any CPU
		{5294A58C-09BD-4A73-AB8D-8C51B7D56984}.Release|Any CPU.ActiveCfg = Release|Any CPU
		{5294A58C-09BD-4A73-AB8D-8C51B7D56984}.Release|Any CPU.Build.0 = Release|Any CPU
		{A5D9A30F-1354-4D3A-8552-71739A1BC1B1}.Debug|Any CPU.ActiveCfg = Debug|Any CPU
		{A5D9A30F-1354-4D3A-8552-71739A1BC1B1}.Debug|Any CPU.Build.0 = Debug|Any CPU
		{A5D9A30F-1354-4D3A-8552-71739A1BC1B1}.Release|Any CPU.ActiveCfg = Release|Any CPU
		{A5D9A30F-1354-4D3A-8552-71739A1BC1B1}.Release|Any CPU.Build.0 = Release|Any CPU
		{9C57D5AB-215E-4833-B498-0DF3381C39B2}.Debug|Any CPU.ActiveCfg = Debug|Any CPU
		{9C57D5AB-215E-4833-B498-0DF3381C39B2}.Debug|Any CPU.Build.0 = Debug|Any CPU
		{9C57D5AB-215E-4833-B498-0DF3381C39B2}.Release|Any CPU.ActiveCfg = Release|Any CPU
		{9C57D5AB-215E-4833-B498-0DF3381C39B2}.Release|Any CPU.Build.0 = Release|Any CPU
		{0D0256C7-DF90-4CBB-9F72-2B221E0D8E11}.Debug|Any CPU.ActiveCfg = Debug|Any CPU
		{0D0256C7-DF90-4CBB-9F72-2B221E0D8E11}.Debug|Any CPU.Build.0 = Debug|Any CPU
		{0D0256C7-DF90-4CBB-9F72-2B221E0D8E11}.Release|Any CPU.ActiveCfg = Release|Any CPU
		{0D0256C7-DF90-4CBB-9F72-2B221E0D8E11}.Release|Any CPU.Build.0 = Release|Any CPU
	EndGlobalSection
EndGlobal
